// !$*UTF8*$!
{
	archiveVersion = 1;
	classes = {
	};
	objectVersion = 46;
	objects = {

/* Begin PBXBuildFile section */
		21DAE3DB64363B4447D37A0F /* Pods_AikatsuLyric.framework in Frameworks */ = {isa = PBXBuildFile; fileRef = 3550AEE2AC88E9096FE882B6 /* Pods_AikatsuLyric.framework */; };
		341AACED1E52D6ED00D04AF9 /* AppDelegate.swift in Sources */ = {isa = PBXBuildFile; fileRef = 341AACEC1E52D6ED00D04AF9 /* AppDelegate.swift */; };
		341AACEF1E52D6ED00D04AF9 /* ViewController.swift in Sources */ = {isa = PBXBuildFile; fileRef = 341AACEE1E52D6ED00D04AF9 /* ViewController.swift */; };
		341AACF21E52D6ED00D04AF9 /* Main.storyboard in Resources */ = {isa = PBXBuildFile; fileRef = 341AACF01E52D6ED00D04AF9 /* Main.storyboard */; };
		341AACF41E52D6ED00D04AF9 /* Assets.xcassets in Resources */ = {isa = PBXBuildFile; fileRef = 341AACF31E52D6ED00D04AF9 /* Assets.xcassets */; };
		341AACF71E52D6ED00D04AF9 /* LaunchScreen.storyboard in Resources */ = {isa = PBXBuildFile; fileRef = 341AACF51E52D6ED00D04AF9 /* LaunchScreen.storyboard */; };
		341AACFF1E52D8E800D04AF9 /* SongListTableViewController.swift in Sources */ = {isa = PBXBuildFile; fileRef = 341AACFE1E52D8E800D04AF9 /* SongListTableViewController.swift */; };
		3422CA5A1E5C07EF00DF8BC1 /* Song.swift in Sources */ = {isa = PBXBuildFile; fileRef = 3422CA591E5C07EF00DF8BC1 /* Song.swift */; };
		34845E0A1E5D2E5A001DAA78 /* SongListTableViewCell.swift in Sources */ = {isa = PBXBuildFile; fileRef = 34845E091E5D2E5A001DAA78 /* SongListTableViewCell.swift */; };
		34C773771E53E8F600966F36 /* aikatsu_songs.json in Resources */ = {isa = PBXBuildFile; fileRef = 34C773761E53E8F600966F36 /* aikatsu_songs.json */; };
/* End PBXBuildFile section */

/* Begin PBXFileReference section */
		2997C005D1B2F0B0E8A989E5 /* Pods-AikatsuLyric.debug.xcconfig */ = {isa = PBXFileReference; includeInIndex = 1; lastKnownFileType = text.xcconfig; name = "Pods-AikatsuLyric.debug.xcconfig"; path = "Pods/Target Support Files/Pods-AikatsuLyric/Pods-AikatsuLyric.debug.xcconfig"; sourceTree = "<group>"; };
		341AACE91E52D6ED00D04AF9 /* AikatsuLyric.app */ = {isa = PBXFileReference; explicitFileType = wrapper.application; includeInIndex = 0; path = AikatsuLyric.app; sourceTree = BUILT_PRODUCTS_DIR; };
		341AACEC1E52D6ED00D04AF9 /* AppDelegate.swift */ = {isa = PBXFileReference; lastKnownFileType = sourcecode.swift; path = AppDelegate.swift; sourceTree = "<group>"; };
		341AACEE1E52D6ED00D04AF9 /* ViewController.swift */ = {isa = PBXFileReference; lastKnownFileType = sourcecode.swift; path = ViewController.swift; sourceTree = "<group>"; };
		341AACF11E52D6ED00D04AF9 /* Base */ = {isa = PBXFileReference; lastKnownFileType = file.storyboard; name = Base; path = Base.lproj/Main.storyboard; sourceTree = "<group>"; };
		341AACF31E52D6ED00D04AF9 /* Assets.xcassets */ = {isa = PBXFileReference; lastKnownFileType = folder.assetcatalog; path = Assets.xcassets; sourceTree = "<group>"; };
		341AACF61E52D6ED00D04AF9 /* Base */ = {isa = PBXFileReference; lastKnownFileType = file.storyboard; name = Base; path = Base.lproj/LaunchScreen.storyboard; sourceTree = "<group>"; };
		341AACF81E52D6ED00D04AF9 /* Info.plist */ = {isa = PBXFileReference; lastKnownFileType = text.plist.xml; path = Info.plist; sourceTree = "<group>"; };
		341AACFE1E52D8E800D04AF9 /* SongListTableViewController.swift */ = {isa = PBXFileReference; fileEncoding = 4; lastKnownFileType = sourcecode.swift; path = SongListTableViewController.swift; sourceTree = "<group>"; };
		3422CA591E5C07EF00DF8BC1 /* Song.swift */ = {isa = PBXFileReference; fileEncoding = 4; lastKnownFileType = sourcecode.swift; path = Song.swift; sourceTree = "<group>"; };
		3449595E1E5DAD2100324493 /* ja */ = {isa = PBXFileReference; lastKnownFileType = text.plist.strings; name = ja; path = ja.lproj/Main.strings; sourceTree = "<group>"; };
		3449595F1E5DAD2100324493 /* ja */ = {isa = PBXFileReference; lastKnownFileType = text.plist.strings; name = ja; path = ja.lproj/LaunchScreen.strings; sourceTree = "<group>"; };
		34845E091E5D2E5A001DAA78 /* SongListTableViewCell.swift */ = {isa = PBXFileReference; fileEncoding = 4; lastKnownFileType = sourcecode.swift; path = SongListTableViewCell.swift; sourceTree = "<group>"; };
		34C773761E53E8F600966F36 /* aikatsu_songs.json */ = {isa = PBXFileReference; fileEncoding = 4; lastKnownFileType = text.json; path = aikatsu_songs.json; sourceTree = "<group>"; };
		3550AEE2AC88E9096FE882B6 /* Pods_AikatsuLyric.framework */ = {isa = PBXFileReference; explicitFileType = wrapper.framework; includeInIndex = 0; path = Pods_AikatsuLyric.framework; sourceTree = BUILT_PRODUCTS_DIR; };
		84F23B35A71BFFD3A725A46F /* Pods-AikatsuLyric.release.xcconfig */ = {isa = PBXFileReference; includeInIndex = 1; lastKnownFileType = text.xcconfig; name = "Pods-AikatsuLyric.release.xcconfig"; path = "Pods/Target Support Files/Pods-AikatsuLyric/Pods-AikatsuLyric.release.xcconfig"; sourceTree = "<group>"; };
/* End PBXFileReference section */

/* Begin PBXFrameworksBuildPhase section */
		341AACE61E52D6ED00D04AF9 /* Frameworks */ = {
			isa = PBXFrameworksBuildPhase;
			buildActionMask = 2147483647;
			files = (
				21DAE3DB64363B4447D37A0F /* Pods_AikatsuLyric.framework in Frameworks */,
			);
			runOnlyForDeploymentPostprocessing = 0;
		};
/* End PBXFrameworksBuildPhase section */

/* Begin PBXGroup section */
		2A6F4C848B2EC85F9CE6AFFC /* Frameworks */ = {
			isa = PBXGroup;
			children = (
				3550AEE2AC88E9096FE882B6 /* Pods_AikatsuLyric.framework */,
			);
			name = Frameworks;
			sourceTree = "<group>";
		};
		341AACE01E52D6ED00D04AF9 = {
			isa = PBXGroup;
			children = (
				341AACEB1E52D6ED00D04AF9 /* AikatsuLyric */,
				341AACEA1E52D6ED00D04AF9 /* Products */,
				7ECD4257C50378BF971ED688 /* Pods */,
				2A6F4C848B2EC85F9CE6AFFC /* Frameworks */,
			);
			sourceTree = "<group>";
		};
		341AACEA1E52D6ED00D04AF9 /* Products */ = {
			isa = PBXGroup;
			children = (
				341AACE91E52D6ED00D04AF9 /* AikatsuLyric.app */,
			);
			name = Products;
			sourceTree = "<group>";
		};
		341AACEB1E52D6ED00D04AF9 /* AikatsuLyric */ = {
			isa = PBXGroup;
			children = (
				34C773761E53E8F600966F36 /* aikatsu_songs.json */,
				341AACEC1E52D6ED00D04AF9 /* AppDelegate.swift */,
				341AACEE1E52D6ED00D04AF9 /* ViewController.swift */,
				341AACF01E52D6ED00D04AF9 /* Main.storyboard */,
				3422CA591E5C07EF00DF8BC1 /* Song.swift */,
				341AACF31E52D6ED00D04AF9 /* Assets.xcassets */,
				341AACF51E52D6ED00D04AF9 /* LaunchScreen.storyboard */,
				341AACF81E52D6ED00D04AF9 /* Info.plist */,
				341AACFE1E52D8E800D04AF9 /* SongListTableViewController.swift */,
				34845E091E5D2E5A001DAA78 /* SongListTableViewCell.swift */,
			);
			path = AikatsuLyric;
			sourceTree = "<group>";
		};
		7ECD4257C50378BF971ED688 /* Pods */ = {
			isa = PBXGroup;
			children = (
				2997C005D1B2F0B0E8A989E5 /* Pods-AikatsuLyric.debug.xcconfig */,
				84F23B35A71BFFD3A725A46F /* Pods-AikatsuLyric.release.xcconfig */,
			);
			name = Pods;
			sourceTree = "<group>";
		};
/* End PBXGroup section */

/* Begin PBXNativeTarget section */
		341AACE81E52D6ED00D04AF9 /* AikatsuLyric */ = {
			isa = PBXNativeTarget;
			buildConfigurationList = 341AACFB1E52D6ED00D04AF9 /* Build configuration list for PBXNativeTarget "AikatsuLyric" */;
			buildPhases = (
				0FF44B41221A116A659A5DDE /* [CP] Check Pods Manifest.lock */,
				341AACE51E52D6ED00D04AF9 /* Sources */,
				341AACE61E52D6ED00D04AF9 /* Frameworks */,
				341AACE71E52D6ED00D04AF9 /* Resources */,
				4E717FDBD77E2BAEC6F742C5 /* [CP] Embed Pods Frameworks */,
				5B9B8DEED1A50A5799E11E57 /* [CP] Copy Pods Resources */,
				344E55561E5BF401007980D3 /* ShellScript */,
			);
			buildRules = (
			);
			dependencies = (
			);
			name = AikatsuLyric;
			productName = AikatsuLyric;
			productReference = 341AACE91E52D6ED00D04AF9 /* AikatsuLyric.app */;
			productType = "com.apple.product-type.application";
		};
/* End PBXNativeTarget section */

/* Begin PBXProject section */
		341AACE11E52D6ED00D04AF9 /* Project object */ = {
			isa = PBXProject;
			attributes = {
				LastSwiftUpdateCheck = 0820;
				LastUpgradeCheck = 0820;
				ORGANIZATIONNAME = "Tomohiro Zoda";
				TargetAttributes = {
					341AACE81E52D6ED00D04AF9 = {
						CreatedOnToolsVersion = 8.2.1;
						DevelopmentTeam = UHB4CBC373;
						LastSwiftMigration = 0820;
						ProvisioningStyle = Automatic;
					};
				};
			};
			buildConfigurationList = 341AACE41E52D6ED00D04AF9 /* Build configuration list for PBXProject "AikatsuLyric" */;
			compatibilityVersion = "Xcode 3.2";
			developmentRegion = English;
			hasScannedForEncodings = 0;
			knownRegions = (
				en,
				Base,
			);
			mainGroup = 341AACE01E52D6ED00D04AF9;
			productRefGroup = 341AACEA1E52D6ED00D04AF9 /* Products */;
			projectDirPath = "";
			projectRoot = "";
			targets = (
				341AACE81E52D6ED00D04AF9 /* AikatsuLyric */,
			);
		};
/* End PBXProject section */

/* Begin PBXResourcesBuildPhase section */
		341AACE71E52D6ED00D04AF9 /* Resources */ = {
			isa = PBXResourcesBuildPhase;
			buildActionMask = 2147483647;
			files = (
				341AACF71E52D6ED00D04AF9 /* LaunchScreen.storyboard in Resources */,
				34C773771E53E8F600966F36 /* aikatsu_songs.json in Resources */,
				341AACF41E52D6ED00D04AF9 /* Assets.xcassets in Resources */,
				341AACF21E52D6ED00D04AF9 /* Main.storyboard in Resources */,
			);
			runOnlyForDeploymentPostprocessing = 0;
		};
/* End PBXResourcesBuildPhase section */

/* Begin PBXShellScriptBuildPhase section */
		0FF44B41221A116A659A5DDE /* [CP] Check Pods Manifest.lock */ = {
			isa = PBXShellScriptBuildPhase;
			buildActionMask = 2147483647;
			files = (
			);
			inputPaths = (
			);
			name = "[CP] Check Pods Manifest.lock";
			outputPaths = (
			);
			runOnlyForDeploymentPostprocessing = 0;
			shellPath = /bin/sh;
			shellScript = "diff \"${PODS_ROOT}/../Podfile.lock\" \"${PODS_ROOT}/Manifest.lock\" > /dev/null\nif [ $? != 0 ] ; then\n    # print error to STDERR\n    echo \"error: The sandbox is not in sync with the Podfile.lock. Run 'pod install' or update your CocoaPods installation.\" >&2\n    exit 1\nfi\n";
			showEnvVarsInLog = 0;
		};
		344E55561E5BF401007980D3 /* ShellScript */ = {
			isa = PBXShellScriptBuildPhase;
			buildActionMask = 2147483647;
			files = (
			);
			inputPaths = (
			);
			outputPaths = (
			);
			runOnlyForDeploymentPostprocessing = 0;
			shellPath = /bin/sh;
			shellScript = "if which ${PODS_ROOT}/SwiftLint/swiftlint >/dev/null; then\n    ${PODS_ROOT}/SwiftLint/swiftlint\nelse\n    echo \"warning: SwiftLint not installed, download from https://github.com/realm/SwiftLint\"\nfi";
		};
		4E717FDBD77E2BAEC6F742C5 /* [CP] Embed Pods Frameworks */ = {
			isa = PBXShellScriptBuildPhase;
			buildActionMask = 2147483647;
			files = (
			);
			inputPaths = (
			);
			name = "[CP] Embed Pods Frameworks";
			outputPaths = (
			);
			runOnlyForDeploymentPostprocessing = 0;
			shellPath = /bin/sh;
			shellScript = "\"${SRCROOT}/Pods/Target Support Files/Pods-AikatsuLyric/Pods-AikatsuLyric-frameworks.sh\"\n";
			showEnvVarsInLog = 0;
		};
		5B9B8DEED1A50A5799E11E57 /* [CP] Copy Pods Resources */ = {
			isa = PBXShellScriptBuildPhase;
			buildActionMask = 2147483647;
			files = (
			);
			inputPaths = (
			);
			name = "[CP] Copy Pods Resources";
			outputPaths = (
			);
			runOnlyForDeploymentPostprocessing = 0;
			shellPath = /bin/sh;
			shellScript = "\"${SRCROOT}/Pods/Target Support Files/Pods-AikatsuLyric/Pods-AikatsuLyric-resources.sh\"\n";
			showEnvVarsInLog = 0;
		};
/* End PBXShellScriptBuildPhase section */

/* Begin PBXSourcesBuildPhase section */
		341AACE51E52D6ED00D04AF9 /* Sources */ = {
			isa = PBXSourcesBuildPhase;
			buildActionMask = 2147483647;
			files = (
				3422CA5A1E5C07EF00DF8BC1 /* Song.swift in Sources */,
				341AACFF1E52D8E800D04AF9 /* SongListTableViewController.swift in Sources */,
				341AACEF1E52D6ED00D04AF9 /* ViewController.swift in Sources */,
				34845E0A1E5D2E5A001DAA78 /* SongListTableViewCell.swift in Sources */,
				341AACED1E52D6ED00D04AF9 /* AppDelegate.swift in Sources */,
			);
			runOnlyForDeploymentPostprocessing = 0;
		};
/* End PBXSourcesBuildPhase section */

/* Begin PBXVariantGroup section */
		341AACF01E52D6ED00D04AF9 /* Main.storyboard */ = {
			isa = PBXVariantGroup;
			children = (
				341AACF11E52D6ED00D04AF9 /* Base */,
				3449595E1E5DAD2100324493 /* ja */,
			);
			name = Main.storyboard;
			sourceTree = "<group>";
		};
		341AACF51E52D6ED00D04AF9 /* LaunchScreen.storyboard */ = {
			isa = PBXVariantGroup;
			children = (
				341AACF61E52D6ED00D04AF9 /* Base */,
				3449595F1E5DAD2100324493 /* ja */,
			);
			name = LaunchScreen.storyboard;
			sourceTree = "<group>";
		};
/* End PBXVariantGroup section */

/* Begin XCBuildConfiguration section */
		341AACF91E52D6ED00D04AF9 /* Debug */ = {
			isa = XCBuildConfiguration;
			buildSettings = {
				ALWAYS_SEARCH_USER_PATHS = NO;
				CLANG_ANALYZER_LOCALIZABILITY_NONLOCALIZED = YES;
				CLANG_ANALYZER_NONNULL = YES;
				CLANG_CXX_LANGUAGE_STANDARD = "gnu++0x";
				CLANG_CXX_LIBRARY = "libc++";
				CLANG_ENABLE_MODULES = YES;
				CLANG_ENABLE_OBJC_ARC = YES;
				CLANG_WARN_BOOL_CONVERSION = YES;
				CLANG_WARN_CONSTANT_CONVERSION = YES;
				CLANG_WARN_DIRECT_OBJC_ISA_USAGE = YES_ERROR;
				CLANG_WARN_DOCUMENTATION_COMMENTS = YES;
				CLANG_WARN_EMPTY_BODY = YES;
				CLANG_WARN_ENUM_CONVERSION = YES;
				CLANG_WARN_INFINITE_RECURSION = YES;
				CLANG_WARN_INT_CONVERSION = YES;
				CLANG_WARN_OBJC_ROOT_CLASS = YES_ERROR;
				CLANG_WARN_SUSPICIOUS_MOVE = YES;
				CLANG_WARN_UNREACHABLE_CODE = YES;
				CLANG_WARN__DUPLICATE_METHOD_MATCH = YES;
				"CODE_SIGN_IDENTITY[sdk=iphoneos*]" = "iPhone Developer";
				COPY_PHASE_STRIP = NO;
				DEBUG_INFORMATION_FORMAT = dwarf;
				ENABLE_STRICT_OBJC_MSGSEND = YES;
				ENABLE_TESTABILITY = YES;
				GCC_C_LANGUAGE_STANDARD = gnu99;
				GCC_DYNAMIC_NO_PIC = NO;
				GCC_NO_COMMON_BLOCKS = YES;
				GCC_OPTIMIZATION_LEVEL = 0;
				GCC_PREPROCESSOR_DEFINITIONS = (
					"DEBUG=1",
					"$(inherited)",
				);
				GCC_WARN_64_TO_32_BIT_CONVERSION = YES;
				GCC_WARN_ABOUT_RETURN_TYPE = YES_ERROR;
				GCC_WARN_UNDECLARED_SELECTOR = YES;
				GCC_WARN_UNINITIALIZED_AUTOS = YES_AGGRESSIVE;
				GCC_WARN_UNUSED_FUNCTION = YES;
				GCC_WARN_UNUSED_VARIABLE = YES;
				IPHONEOS_DEPLOYMENT_TARGET = 10.2;
				MTL_ENABLE_DEBUG_INFO = YES;
				ONLY_ACTIVE_ARCH = YES;
				SDKROOT = iphoneos;
				SWIFT_ACTIVE_COMPILATION_CONDITIONS = DEBUG;
				SWIFT_OPTIMIZATION_LEVEL = "-Onone";
			};
			name = Debug;
		};
		341AACFA1E52D6ED00D04AF9 /* Release */ = {
			isa = XCBuildConfiguration;
			buildSettings = {
				ALWAYS_SEARCH_USER_PATHS = NO;
				CLANG_ANALYZER_LOCALIZABILITY_NONLOCALIZED = YES;
				CLANG_ANALYZER_NONNULL = YES;
				CLANG_CXX_LANGUAGE_STANDARD = "gnu++0x";
				CLANG_CXX_LIBRARY = "libc++";
				CLANG_ENABLE_MODULES = YES;
				CLANG_ENABLE_OBJC_ARC = YES;
				CLANG_WARN_BOOL_CONVERSION = YES;
				CLANG_WARN_CONSTANT_CONVERSION = YES;
				CLANG_WARN_DIRECT_OBJC_ISA_USAGE = YES_ERROR;
				CLANG_WARN_DOCUMENTATION_COMMENTS = YES;
				CLANG_WARN_EMPTY_BODY = YES;
				CLANG_WARN_ENUM_CONVERSION = YES;
				CLANG_WARN_INFINITE_RECURSION = YES;
				CLANG_WARN_INT_CONVERSION = YES;
				CLANG_WARN_OBJC_ROOT_CLASS = YES_ERROR;
				CLANG_WARN_SUSPICIOUS_MOVE = YES;
				CLANG_WARN_UNREACHABLE_CODE = YES;
				CLANG_WARN__DUPLICATE_METHOD_MATCH = YES;
				"CODE_SIGN_IDENTITY[sdk=iphoneos*]" = "iPhone Developer";
				COPY_PHASE_STRIP = NO;
				DEBUG_INFORMATION_FORMAT = "dwarf-with-dsym";
				ENABLE_NS_ASSERTIONS = NO;
				ENABLE_STRICT_OBJC_MSGSEND = YES;
				GCC_C_LANGUAGE_STANDARD = gnu99;
				GCC_NO_COMMON_BLOCKS = YES;
				GCC_WARN_64_TO_32_BIT_CONVERSION = YES;
				GCC_WARN_ABOUT_RETURN_TYPE = YES_ERROR;
				GCC_WARN_UNDECLARED_SELECTOR = YES;
				GCC_WARN_UNINITIALIZED_AUTOS = YES_AGGRESSIVE;
				GCC_WARN_UNUSED_FUNCTION = YES;
				GCC_WARN_UNUSED_VARIABLE = YES;
				IPHONEOS_DEPLOYMENT_TARGET = 10.2;
				MTL_ENABLE_DEBUG_INFO = NO;
				SDKROOT = iphoneos;
				SWIFT_OPTIMIZATION_LEVEL = "-Owholemodule";
				VALIDATE_PRODUCT = YES;
			};
			name = Release;
		};
		341AACFC1E52D6ED00D04AF9 /* Debug */ = {
			isa = XCBuildConfiguration;
			baseConfigurationReference = 2997C005D1B2F0B0E8A989E5 /* Pods-AikatsuLyric.debug.xcconfig */;
			buildSettings = {
				ALWAYS_EMBED_SWIFT_STANDARD_LIBRARIES = YES;
				ASSETCATALOG_COMPILER_APPICON_NAME = AppIcon;
				DEVELOPMENT_TEAM = UHB4CBC373;
				INFOPLIST_FILE = AikatsuLyric/Info.plist;
				IPHONEOS_DEPLOYMENT_TARGET = 10.2;
				LD_RUNPATH_SEARCH_PATHS = "$(inherited) @executable_path/Frameworks";
				PRODUCT_BUNDLE_IDENTIFIER = com.example.AikatsuLyric;
				PRODUCT_NAME = "$(TARGET_NAME)";
				SWIFT_VERSION = 3.0;
			};
			name = Debug;
		};
		341AACFD1E52D6ED00D04AF9 /* Release */ = {
			isa = XCBuildConfiguration;
			baseConfigurationReference = 84F23B35A71BFFD3A725A46F /* Pods-AikatsuLyric.release.xcconfig */;
			buildSettings = {
				ALWAYS_EMBED_SWIFT_STANDARD_LIBRARIES = YES;
				ASSETCATALOG_COMPILER_APPICON_NAME = AppIcon;
				DEVELOPMENT_TEAM = UHB4CBC373;
				INFOPLIST_FILE = AikatsuLyric/Info.plist;
				IPHONEOS_DEPLOYMENT_TARGET = 10.2;
				LD_RUNPATH_SEARCH_PATHS = "$(inherited) @executable_path/Frameworks";
				PRODUCT_BUNDLE_IDENTIFIER = com.example.AikatsuLyric;
				PRODUCT_NAME = "$(TARGET_NAME)";
				SWIFT_VERSION = 3.0;
			};
			name = Release;
		};
/* End XCBuildConfiguration section */

/* Begin XCConfigurationList section */
		341AACE41E52D6ED00D04AF9 /* Build configuration list for PBXProject "AikatsuLyric" */ = {
			isa = XCConfigurationList;
			buildConfigurations = (
				341AACF91E52D6ED00D04AF9 /* Debug */,
				341AACFA1E52D6ED00D04AF9 /* Release */,
			);
			defaultConfigurationIsVisible = 0;
			defaultConfigurationName = Release;
		};
		341AACFB1E52D6ED00D04AF9 /* Build configuration list for PBXNativeTarget "AikatsuLyric" */ = {
			isa = XCConfigurationList;
			buildConfigurations = (
				341AACFC1E52D6ED00D04AF9 /* Debug */,
				341AACFD1E52D6ED00D04AF9 /* Release */,
			);
			defaultConfigurationIsVisible = 0;
			defaultConfigurationName = Release;
		};
/* End XCConfigurationList section */
	};
	rootObject = 341AACE11E52D6ED00D04AF9 /* Project object */;
}
